
Microsoft Visual Studio Solution File, Format Version 12.00
# Visual Studio Version 17
VisualStudioVersion = 17.8.34330.188
MinimumVisualStudioVersion = 10.0.40219.1
Project("{FAE04EC0-301F-11D3-BF4B-00C04F79EFBC}") = "JobApplicantsTask", "JobApplicantsTask\JobApplicantsTask.csproj", "{7D07811B-BB56-4B1C-8B6A-85E96BEBBA31}"
EndProject
Project("{FAE04EC0-301F-11D3-BF4B-00C04F79EFBC}") = "JobApplicantsTask.Tests", "JobApplicantsTask.Tests\JobApplicantsTask.Tests.csproj", "{031E1FCC-31B3-401B-A6F4-9719B1E1C274}"
EndProject
Global
	GlobalSection(SolutionConfigurationPlatforms) = preSolution
		Debug|Any CPU = Debug|Any CPU
		Release|Any CPU = Release|Any CPU
	EndGlobalSection
	GlobalSection(ProjectConfigurationPlatforms) = postSolution
		{7D07811B-BB56-4B1C-8B6A-85E96BEBBA31}.Debug|Any CPU.ActiveCfg = Debug|Any CPU
		{7D07811B-BB56-4B1C-8B6A-85E96BEBBA31}.Debug|Any CPU.Build.0 = Debug|Any CPU
		{7D07811B-BB56-4B1C-8B6A-85E96BEBBA31}.Release|Any CPU.ActiveCfg = Release|Any CPU
		{7D07811B-BB56-4B1C-8B6A-85E96BEBBA31}.Release|Any CPU.Build.0 = Release|Any CPU
		{031E1FCC-31B3-401B-A6F4-9719B1E1C274}.Debug|Any CPU.ActiveCfg = Debug|Any CPU
		{031E1FCC-31B3-401B-A6F4-9719B1E1C274}.Debug|Any CPU.Build.0 = Debug|Any CPU
		{031E1FCC-31B3-401B-A6F4-9719B1E1C274}.Release|Any CPU.ActiveCfg = Release|Any CPU
		{031E1FCC-31B3-401B-A6F4-9719B1E1C274}.Release|Any CPU.Build.0 = Release|Any CPU
	EndGlobalSection
	GlobalSection(SolutionProperties) = preSolution
		HideSolutionNode = FALSE
	EndGlobalSection
	GlobalSection(ExtensibilityGlobals) = postSolution
		SolutionGuid = {D072675A-837B-44B8-8B1D-DCEACF4FDF14}
	EndGlobalSection
EndGlobal
